// !$*UTF8*$!
{
	archiveVersion = 1;
	classes = {
	};
	objectVersion = 56;
	objects = {

/* Begin PBXBuildFile section */
		8B2F3FD32B5B9DED00205E28 /* AppDelegate.swift in Sources */ = {isa = PBXBuildFile; fileRef = 8B2F3FD22B5B9DED00205E28 /* AppDelegate.swift */; };
		8B2F3FD52B5B9DED00205E28 /* SceneDelegate.swift in Sources */ = {isa = PBXBuildFile; fileRef = 8B2F3FD42B5B9DED00205E28 /* SceneDelegate.swift */; };
		8B2F3FDC2B5B9DED00205E28 /* Assets.xcassets in Resources */ = {isa = PBXBuildFile; fileRef = 8B2F3FDB2B5B9DED00205E28 /* Assets.xcassets */; };
		8B2F3FDF2B5B9DED00205E28 /* LaunchScreen.storyboard in Resources */ = {isa = PBXBuildFile; fileRef = 8B2F3FDD2B5B9DED00205E28 /* LaunchScreen.storyboard */; };
		8B2F3FE82B5BA04600205E28 /* Onboarding.storyboard in Resources */ = {isa = PBXBuildFile; fileRef = 8B2F3FE72B5BA04600205E28 /* Onboarding.storyboard */; };
		8B2F3FEA2B5BA99F00205E28 /* OnboardingViewController.swift in Sources */ = {isa = PBXBuildFile; fileRef = 8B2F3FE92B5BA99F00205E28 /* OnboardingViewController.swift */; };
		8B2F3FEE2B5BAC4300205E28 /* Enumeration.swift in Sources */ = {isa = PBXBuildFile; fileRef = 8B2F3FED2B5BAC4300205E28 /* Enumeration.swift */; };
		8B2F3FF12B5BBBCE00205E28 /* Profile.storyboard in Resources */ = {isa = PBXBuildFile; fileRef = 8B2F3FF02B5BBBCE00205E28 /* Profile.storyboard */; };
		8B2F3FF32B5BBBEA00205E28 /* SettingProfileViewController.swift in Sources */ = {isa = PBXBuildFile; fileRef = 8B2F3FF22B5BBBEA00205E28 /* SettingProfileViewController.swift */; };
		8B2F3FF62B5BC9E800205E28 /* UIViewController+Extension.swift in Sources */ = {isa = PBXBuildFile; fileRef = 8B2F3FF52B5BC9E800205E28 /* UIViewController+Extension.swift */; };
		8B2F3FF82B5BDB4C00205E28 /* UIButton+Extension.swift in Sources */ = {isa = PBXBuildFile; fileRef = 8B2F3FF72B5BDB4C00205E28 /* UIButton+Extension.swift */; };
		8B2F3FFA2B5BDE9F00205E28 /* SettingProfileImageViewController.swift in Sources */ = {isa = PBXBuildFile; fileRef = 8B2F3FF92B5BDE9F00205E28 /* SettingProfileImageViewController.swift */; };
		8B2F3FFC2B5BE45C00205E28 /* UIImageView+Extension.swift in Sources */ = {isa = PBXBuildFile; fileRef = 8B2F3FFB2B5BE45C00205E28 /* UIImageView+Extension.swift */; };
		8B2F3FFF2B5BE75E00205E28 /* TextFieldEffects in Frameworks */ = {isa = PBXBuildFile; productRef = 8B2F3FFE2B5BE75E00205E28 /* TextFieldEffects */; };
		8B2F40022B5BE76D00205E28 /* Alamofire in Frameworks */ = {isa = PBXBuildFile; productRef = 8B2F40012B5BE76D00205E28 /* Alamofire */; };
		8B2F40082B5BEF4D00205E28 /* ProfileCollectionViewCell.swift in Sources */ = {isa = PBXBuildFile; fileRef = 8B2F40062B5BEF4D00205E28 /* ProfileCollectionViewCell.swift */; };
		8B2F40092B5BEF4D00205E28 /* ProfileCollectionViewCell.xib in Resources */ = {isa = PBXBuildFile; fileRef = 8B2F40072B5BEF4D00205E28 /* ProfileCollectionViewCell.xib */; };
		8B2F400B2B5BF3EF00205E28 /* UICollectionViewCell+Extension.swift in Sources */ = {isa = PBXBuildFile; fileRef = 8B2F400A2B5BF3EF00205E28 /* UICollectionViewCell+Extension.swift */; };
		8B2F400F2B5C016D00205E28 /* RecentSearchTableViewCell.swift in Sources */ = {isa = PBXBuildFile; fileRef = 8B2F400D2B5C016D00205E28 /* RecentSearchTableViewCell.swift */; };
		8B2F40102B5C016D00205E28 /* RecentSearchTableViewCell.xib in Resources */ = {isa = PBXBuildFile; fileRef = 8B2F400E2B5C016D00205E28 /* RecentSearchTableViewCell.xib */; };
		8B2F40172B5C05CA00205E28 /* SearchViewController.swift in Sources */ = {isa = PBXBuildFile; fileRef = 8B2F40162B5C05CA00205E28 /* SearchViewController.swift */; };
		8B2F40192B5C080E00205E28 /* SearchResultViewController.swift in Sources */ = {isa = PBXBuildFile; fileRef = 8B2F40182B5C080E00205E28 /* SearchResultViewController.swift */; };
		8B2F40202B5C0CB400205E28 /* SettingViewController.swift in Sources */ = {isa = PBXBuildFile; fileRef = 8B2F401F2B5C0CB400205E28 /* SettingViewController.swift */; };
		8B2F40222B5C0D9000205E28 /* Search.storyboard in Resources */ = {isa = PBXBuildFile; fileRef = 8B2F40212B5C0D9000205E28 /* Search.storyboard */; };
		8B2F40242B5C0DF600205E28 /* Main.storyboard in Resources */ = {isa = PBXBuildFile; fileRef = 8B2F40232B5C0DF600205E28 /* Main.storyboard */; };
		8B2F40272B5C120A00205E28 /* SettingProfileTableViewCell.swift in Sources */ = {isa = PBXBuildFile; fileRef = 8B2F40252B5C120A00205E28 /* SettingProfileTableViewCell.swift */; };
		8B2F40282B5C120A00205E28 /* SettingProfileTableViewCell.xib in Resources */ = {isa = PBXBuildFile; fileRef = 8B2F40262B5C120A00205E28 /* SettingProfileTableViewCell.xib */; };
		8B2F402B2B5C137600205E28 /* UITableViewCell+Extension.swift in Sources */ = {isa = PBXBuildFile; fileRef = 8B2F402A2B5C137600205E28 /* UITableViewCell+Extension.swift */; };
		8B2F402F2B5C154900205E28 /* SettingTableViewCell.swift in Sources */ = {isa = PBXBuildFile; fileRef = 8B2F402D2B5C154900205E28 /* SettingTableViewCell.swift */; };
		8B2F40302B5C154900205E28 /* SettingTableViewCell.xib in Resources */ = {isa = PBXBuildFile; fileRef = 8B2F402E2B5C154900205E28 /* SettingTableViewCell.xib */; };
		8B90768D2B5CADEA00AF01A8 /* UserDefaultManager.swift in Sources */ = {isa = PBXBuildFile; fileRef = 8B90768C2B5CADEA00AF01A8 /* UserDefaultManager.swift */; };
		8B9076902B5CD5D500AF01A8 /* Setting.storyboard in Resources */ = {isa = PBXBuildFile; fileRef = 8B90768F2B5CD5D500AF01A8 /* Setting.storyboard */; };
		8B9076942B5D21DE00AF01A8 /* SearchResultCollectionViewCell.swift in Sources */ = {isa = PBXBuildFile; fileRef = 8B9076922B5D21DE00AF01A8 /* SearchResultCollectionViewCell.swift */; };
		8B9076952B5D21DE00AF01A8 /* SearchResultCollectionViewCell.xib in Resources */ = {isa = PBXBuildFile; fileRef = 8B9076932B5D21DE00AF01A8 /* SearchResultCollectionViewCell.xib */; };
		8B9076992B5D3EE000AF01A8 /* .gitignore in Resources */ = {isa = PBXBuildFile; fileRef = 8B9076982B5D3EE000AF01A8 /* .gitignore */; };
		8B90769F2B5D51D800AF01A8 /* Search.swift in Sources */ = {isa = PBXBuildFile; fileRef = 8B90769E2B5D51D800AF01A8 /* Search.swift */; };
		8B9076A22B5D603500AF01A8 /* Kingfisher in Frameworks */ = {isa = PBXBuildFile; productRef = 8B9076A12B5D603500AF01A8 /* Kingfisher */; };
		8B9076A42B5D742A00AF01A8 /* WebViewController.swift in Sources */ = {isa = PBXBuildFile; fileRef = 8B9076A32B5D742A00AF01A8 /* WebViewController.swift */; };
		8B9076AD2B5E85EE00AF01A8 /* SearchAPIManager.swift in Sources */ = {isa = PBXBuildFile; fileRef = 8B9076AC2B5E85EE00AF01A8 /* SearchAPIManager.swift */; };
/* End PBXBuildFile section */

/* Begin PBXFileReference section */
		8B2F3FCF2B5B9DED00205E28 /* SeSAC Shopping.app */ = {isa = PBXFileReference; explicitFileType = wrapper.application; includeInIndex = 0; path = "SeSAC Shopping.app"; sourceTree = BUILT_PRODUCTS_DIR; };
		8B2F3FD22B5B9DED00205E28 /* AppDelegate.swift */ = {isa = PBXFileReference; lastKnownFileType = sourcecode.swift; path = AppDelegate.swift; sourceTree = "<group>"; };
		8B2F3FD42B5B9DED00205E28 /* SceneDelegate.swift */ = {isa = PBXFileReference; lastKnownFileType = sourcecode.swift; path = SceneDelegate.swift; sourceTree = "<group>"; };
		8B2F3FDB2B5B9DED00205E28 /* Assets.xcassets */ = {isa = PBXFileReference; lastKnownFileType = folder.assetcatalog; path = Assets.xcassets; sourceTree = "<group>"; };
		8B2F3FDE2B5B9DED00205E28 /* Base */ = {isa = PBXFileReference; lastKnownFileType = file.storyboard; name = Base; path = Base.lproj/LaunchScreen.storyboard; sourceTree = "<group>"; };
		8B2F3FE02B5B9DED00205E28 /* Info.plist */ = {isa = PBXFileReference; lastKnownFileType = text.plist.xml; path = Info.plist; sourceTree = "<group>"; };
		8B2F3FE72B5BA04600205E28 /* Onboarding.storyboard */ = {isa = PBXFileReference; lastKnownFileType = file.storyboard; path = Onboarding.storyboard; sourceTree = "<group>"; };
		8B2F3FE92B5BA99F00205E28 /* OnboardingViewController.swift */ = {isa = PBXFileReference; lastKnownFileType = sourcecode.swift; path = OnboardingViewController.swift; sourceTree = "<group>"; };
		8B2F3FED2B5BAC4300205E28 /* Enumeration.swift */ = {isa = PBXFileReference; lastKnownFileType = sourcecode.swift; path = Enumeration.swift; sourceTree = "<group>"; };
		8B2F3FF02B5BBBCE00205E28 /* Profile.storyboard */ = {isa = PBXFileReference; lastKnownFileType = file.storyboard; path = Profile.storyboard; sourceTree = "<group>"; };
		8B2F3FF22B5BBBEA00205E28 /* SettingProfileViewController.swift */ = {isa = PBXFileReference; lastKnownFileType = sourcecode.swift; path = SettingProfileViewController.swift; sourceTree = "<group>"; };
		8B2F3FF52B5BC9E800205E28 /* UIViewController+Extension.swift */ = {isa = PBXFileReference; lastKnownFileType = sourcecode.swift; path = "UIViewController+Extension.swift"; sourceTree = "<group>"; };
		8B2F3FF72B5BDB4C00205E28 /* UIButton+Extension.swift */ = {isa = PBXFileReference; lastKnownFileType = sourcecode.swift; path = "UIButton+Extension.swift"; sourceTree = "<group>"; };
		8B2F3FF92B5BDE9F00205E28 /* SettingProfileImageViewController.swift */ = {isa = PBXFileReference; lastKnownFileType = sourcecode.swift; path = SettingProfileImageViewController.swift; sourceTree = "<group>"; };
		8B2F3FFB2B5BE45C00205E28 /* UIImageView+Extension.swift */ = {isa = PBXFileReference; lastKnownFileType = sourcecode.swift; path = "UIImageView+Extension.swift"; sourceTree = "<group>"; };
		8B2F40062B5BEF4D00205E28 /* ProfileCollectionViewCell.swift */ = {isa = PBXFileReference; lastKnownFileType = sourcecode.swift; path = ProfileCollectionViewCell.swift; sourceTree = "<group>"; };
		8B2F40072B5BEF4D00205E28 /* ProfileCollectionViewCell.xib */ = {isa = PBXFileReference; lastKnownFileType = file.xib; path = ProfileCollectionViewCell.xib; sourceTree = "<group>"; };
		8B2F400A2B5BF3EF00205E28 /* UICollectionViewCell+Extension.swift */ = {isa = PBXFileReference; lastKnownFileType = sourcecode.swift; path = "UICollectionViewCell+Extension.swift"; sourceTree = "<group>"; };
		8B2F400D2B5C016D00205E28 /* RecentSearchTableViewCell.swift */ = {isa = PBXFileReference; lastKnownFileType = sourcecode.swift; path = RecentSearchTableViewCell.swift; sourceTree = "<group>"; };
		8B2F400E2B5C016D00205E28 /* RecentSearchTableViewCell.xib */ = {isa = PBXFileReference; lastKnownFileType = file.xib; path = RecentSearchTableViewCell.xib; sourceTree = "<group>"; };
		8B2F40162B5C05CA00205E28 /* SearchViewController.swift */ = {isa = PBXFileReference; lastKnownFileType = sourcecode.swift; path = SearchViewController.swift; sourceTree = "<group>"; };
		8B2F40182B5C080E00205E28 /* SearchResultViewController.swift */ = {isa = PBXFileReference; lastKnownFileType = sourcecode.swift; path = SearchResultViewController.swift; sourceTree = "<group>"; };
		8B2F401F2B5C0CB400205E28 /* SettingViewController.swift */ = {isa = PBXFileReference; lastKnownFileType = sourcecode.swift; path = SettingViewController.swift; sourceTree = "<group>"; };
		8B2F40212B5C0D9000205E28 /* Search.storyboard */ = {isa = PBXFileReference; lastKnownFileType = file.storyboard; path = Search.storyboard; sourceTree = "<group>"; };
		8B2F40232B5C0DF600205E28 /* Main.storyboard */ = {isa = PBXFileReference; lastKnownFileType = file.storyboard; path = Main.storyboard; sourceTree = "<group>"; };
		8B2F40252B5C120A00205E28 /* SettingProfileTableViewCell.swift */ = {isa = PBXFileReference; lastKnownFileType = sourcecode.swift; path = SettingProfileTableViewCell.swift; sourceTree = "<group>"; };
		8B2F40262B5C120A00205E28 /* SettingProfileTableViewCell.xib */ = {isa = PBXFileReference; lastKnownFileType = file.xib; path = SettingProfileTableViewCell.xib; sourceTree = "<group>"; };
		8B2F402A2B5C137600205E28 /* UITableViewCell+Extension.swift */ = {isa = PBXFileReference; lastKnownFileType = sourcecode.swift; path = "UITableViewCell+Extension.swift"; sourceTree = "<group>"; };
		8B2F402D2B5C154900205E28 /* SettingTableViewCell.swift */ = {isa = PBXFileReference; lastKnownFileType = sourcecode.swift; path = SettingTableViewCell.swift; sourceTree = "<group>"; };
		8B2F402E2B5C154900205E28 /* SettingTableViewCell.xib */ = {isa = PBXFileReference; lastKnownFileType = file.xib; path = SettingTableViewCell.xib; sourceTree = "<group>"; };
		8B90768C2B5CADEA00AF01A8 /* UserDefaultManager.swift */ = {isa = PBXFileReference; lastKnownFileType = sourcecode.swift; path = UserDefaultManager.swift; sourceTree = "<group>"; };
		8B90768F2B5CD5D500AF01A8 /* Setting.storyboard */ = {isa = PBXFileReference; lastKnownFileType = file.storyboard; path = Setting.storyboard; sourceTree = "<group>"; };
		8B9076922B5D21DE00AF01A8 /* SearchResultCollectionViewCell.swift */ = {isa = PBXFileReference; lastKnownFileType = sourcecode.swift; path = SearchResultCollectionViewCell.swift; sourceTree = "<group>"; };
		8B9076932B5D21DE00AF01A8 /* SearchResultCollectionViewCell.xib */ = {isa = PBXFileReference; lastKnownFileType = file.xib; path = SearchResultCollectionViewCell.xib; sourceTree = "<group>"; };
		8B9076982B5D3EE000AF01A8 /* .gitignore */ = {isa = PBXFileReference; lastKnownFileType = text; path = .gitignore; sourceTree = "<group>"; };
		8B90769E2B5D51D800AF01A8 /* Search.swift */ = {isa = PBXFileReference; lastKnownFileType = sourcecode.swift; path = Search.swift; sourceTree = "<group>"; };
		8B9076A32B5D742A00AF01A8 /* WebViewController.swift */ = {isa = PBXFileReference; lastKnownFileType = sourcecode.swift; path = WebViewController.swift; sourceTree = "<group>"; };
		8B9076AC2B5E85EE00AF01A8 /* SearchAPIManager.swift */ = {isa = PBXFileReference; lastKnownFileType = sourcecode.swift; path = SearchAPIManager.swift; sourceTree = "<group>"; };
/* End PBXFileReference section */

/* Begin PBXFrameworksBuildPhase section */
		8B2F3FCC2B5B9DED00205E28 /* Frameworks */ = {
			isa = PBXFrameworksBuildPhase;
			buildActionMask = 2147483647;
			files = (
				8B9076A22B5D603500AF01A8 /* Kingfisher in Frameworks */,
				8B2F3FFF2B5BE75E00205E28 /* TextFieldEffects in Frameworks */,
				8B2F40022B5BE76D00205E28 /* Alamofire in Frameworks */,
			);
			runOnlyForDeploymentPostprocessing = 0;
		};
/* End PBXFrameworksBuildPhase section */

/* Begin PBXGroup section */
		8B2F3FC62B5B9DED00205E28 = {
			isa = PBXGroup;
			children = (
				8B9076982B5D3EE000AF01A8 /* .gitignore */,
				8B2F3FD12B5B9DED00205E28 /* SeSAC Shopping */,
				8B2F3FD02B5B9DED00205E28 /* Products */,
			);
			sourceTree = "<group>";
		};
		8B2F3FD02B5B9DED00205E28 /* Products */ = {
			isa = PBXGroup;
			children = (
				8B2F3FCF2B5B9DED00205E28 /* SeSAC Shopping.app */,
			);
			name = Products;
			sourceTree = "<group>";
		};
		8B2F3FD12B5B9DED00205E28 /* SeSAC Shopping */ = {
			isa = PBXGroup;
			children = (
				8B90769D2B5D51BD00AF01A8 /* Model */,
				8B2F400C2B5C011B00205E28 /* TableViewCell */,
				8B2F40032B5BEEAE00205E28 /* CollectionViewCell */,
				8B2F3FF42B5BC9D900205E28 /* Extension */,
				8B2F3FEF2B5BBBC200205E28 /* Profile */,
				8B2F3FE62B5BA03A00205E28 /* Onboarding */,
				8B2F40152B5C056400205E28 /* Main */,
				8B90768E2B5CD5CB00AF01A8 /* Setting */,
				8B2F3FD22B5B9DED00205E28 /* AppDelegate.swift */,
				8B2F3FD42B5B9DED00205E28 /* SceneDelegate.swift */,
				8B2F3FDB2B5B9DED00205E28 /* Assets.xcassets */,
				8B2F3FDD2B5B9DED00205E28 /* LaunchScreen.storyboard */,
				8B2F3FE02B5B9DED00205E28 /* Info.plist */,
				8B2F3FED2B5BAC4300205E28 /* Enumeration.swift */,
				8B90768C2B5CADEA00AF01A8 /* UserDefaultManager.swift */,
				8B9076AC2B5E85EE00AF01A8 /* SearchAPIManager.swift */,
			);
			path = "SeSAC Shopping";
			sourceTree = "<group>";
		};
		8B2F3FE62B5BA03A00205E28 /* Onboarding */ = {
			isa = PBXGroup;
			children = (
				8B2F3FE72B5BA04600205E28 /* Onboarding.storyboard */,
				8B2F3FE92B5BA99F00205E28 /* OnboardingViewController.swift */,
			);
			path = Onboarding;
			sourceTree = "<group>";
		};
		8B2F3FEF2B5BBBC200205E28 /* Profile */ = {
			isa = PBXGroup;
			children = (
				8B2F3FF02B5BBBCE00205E28 /* Profile.storyboard */,
				8B2F3FF22B5BBBEA00205E28 /* SettingProfileViewController.swift */,
				8B2F3FF92B5BDE9F00205E28 /* SettingProfileImageViewController.swift */,
			);
			path = Profile;
			sourceTree = "<group>";
		};
		8B2F3FF42B5BC9D900205E28 /* Extension */ = {
			isa = PBXGroup;
			children = (
				8B2F3FF52B5BC9E800205E28 /* UIViewController+Extension.swift */,
				8B2F3FF72B5BDB4C00205E28 /* UIButton+Extension.swift */,
				8B2F3FFB2B5BE45C00205E28 /* UIImageView+Extension.swift */,
				8B2F400A2B5BF3EF00205E28 /* UICollectionViewCell+Extension.swift */,
				8B2F402A2B5C137600205E28 /* UITableViewCell+Extension.swift */,
			);
			path = Extension;
			sourceTree = "<group>";
		};
		8B2F40032B5BEEAE00205E28 /* CollectionViewCell */ = {
			isa = PBXGroup;
			children = (
				8B9076912B5D21CB00AF01A8 /* Search */,
				8B2F40062B5BEF4D00205E28 /* ProfileCollectionViewCell.swift */,
				8B2F40072B5BEF4D00205E28 /* ProfileCollectionViewCell.xib */,
			);
			path = CollectionViewCell;
			sourceTree = "<group>";
		};
		8B2F400C2B5C011B00205E28 /* TableViewCell */ = {
			isa = PBXGroup;
			children = (
				8B2F402C2B5C150C00205E28 /* Setting */,
				8B2F40292B5C121200205E28 /* Search */,
			);
			path = TableViewCell;
			sourceTree = "<group>";
		};
		8B2F40152B5C056400205E28 /* Main */ = {
			isa = PBXGroup;
			children = (
				8B2F40162B5C05CA00205E28 /* SearchViewController.swift */,
				8B2F40182B5C080E00205E28 /* SearchResultViewController.swift */,
				8B9076A32B5D742A00AF01A8 /* WebViewController.swift */,
				8B2F40212B5C0D9000205E28 /* Search.storyboard */,
				8B2F40232B5C0DF600205E28 /* Main.storyboard */,
			);
			path = Main;
			sourceTree = "<group>";
		};
		8B2F40292B5C121200205E28 /* Search */ = {
			isa = PBXGroup;
			children = (
				8B2F400D2B5C016D00205E28 /* RecentSearchTableViewCell.swift */,
				8B2F400E2B5C016D00205E28 /* RecentSearchTableViewCell.xib */,
			);
			path = Search;
			sourceTree = "<group>";
		};
		8B2F402C2B5C150C00205E28 /* Setting */ = {
			isa = PBXGroup;
			children = (
				8B2F40252B5C120A00205E28 /* SettingProfileTableViewCell.swift */,
				8B2F40262B5C120A00205E28 /* SettingProfileTableViewCell.xib */,
				8B2F402D2B5C154900205E28 /* SettingTableViewCell.swift */,
				8B2F402E2B5C154900205E28 /* SettingTableViewCell.xib */,
			);
			path = Setting;
			sourceTree = "<group>";
		};
		8B90768E2B5CD5CB00AF01A8 /* Setting */ = {
			isa = PBXGroup;
			children = (
				8B90768F2B5CD5D500AF01A8 /* Setting.storyboard */,
				8B2F401F2B5C0CB400205E28 /* SettingViewController.swift */,
			);
			path = Setting;
			sourceTree = "<group>";
		};
		8B9076912B5D21CB00AF01A8 /* Search */ = {
			isa = PBXGroup;
			children = (
				8B9076922B5D21DE00AF01A8 /* SearchResultCollectionViewCell.swift */,
				8B9076932B5D21DE00AF01A8 /* SearchResultCollectionViewCell.xib */,
			);
			path = Search;
			sourceTree = "<group>";
		};
		8B90769D2B5D51BD00AF01A8 /* Model */ = {
			isa = PBXGroup;
			children = (
				8B90769E2B5D51D800AF01A8 /* Search.swift */,
			);
			path = Model;
			sourceTree = "<group>";
		};
/* End PBXGroup section */

/* Begin PBXNativeTarget section */
		8B2F3FCE2B5B9DED00205E28 /* SeSAC Shopping */ = {
			isa = PBXNativeTarget;
			buildConfigurationList = 8B2F3FE32B5B9DED00205E28 /* Build configuration list for PBXNativeTarget "SeSAC Shopping" */;
			buildPhases = (
				8B2F3FCB2B5B9DED00205E28 /* Sources */,
				8B2F3FCC2B5B9DED00205E28 /* Frameworks */,
				8B2F3FCD2B5B9DED00205E28 /* Resources */,
			);
			buildRules = (
			);
			dependencies = (
			);
			name = "SeSAC Shopping";
			packageProductDependencies = (
				8B2F3FFE2B5BE75E00205E28 /* TextFieldEffects */,
				8B2F40012B5BE76D00205E28 /* Alamofire */,
				8B9076A12B5D603500AF01A8 /* Kingfisher */,
			);
			productName = "SeSAC Shopping";
			productReference = 8B2F3FCF2B5B9DED00205E28 /* SeSAC Shopping.app */;
			productType = "com.apple.product-type.application";
		};
/* End PBXNativeTarget section */

/* Begin PBXProject section */
		8B2F3FC72B5B9DED00205E28 /* Project object */ = {
			isa = PBXProject;
			attributes = {
				BuildIndependentTargetsInParallel = 1;
				LastSwiftUpdateCheck = 1500;
				LastUpgradeCheck = 1500;
				TargetAttributes = {
					8B2F3FCE2B5B9DED00205E28 = {
						CreatedOnToolsVersion = 15.0;
					};
				};
			};
			buildConfigurationList = 8B2F3FCA2B5B9DED00205E28 /* Build configuration list for PBXProject "SeSAC Shopping" */;
			compatibilityVersion = "Xcode 14.0";
			developmentRegion = en;
			hasScannedForEncodings = 0;
			knownRegions = (
				en,
				Base,
			);
			mainGroup = 8B2F3FC62B5B9DED00205E28;
			packageReferences = (
				8B2F3FFD2B5BE75E00205E28 /* XCRemoteSwiftPackageReference "TextFieldEffects" */,
				8B2F40002B5BE76D00205E28 /* XCRemoteSwiftPackageReference "Alamofire" */,
				8B9076A02B5D603500AF01A8 /* XCRemoteSwiftPackageReference "Kingfisher" */,
			);
			productRefGroup = 8B2F3FD02B5B9DED00205E28 /* Products */;
			projectDirPath = "";
			projectRoot = "";
			targets = (
				8B2F3FCE2B5B9DED00205E28 /* SeSAC Shopping */,
			);
		};
/* End PBXProject section */

/* Begin PBXResourcesBuildPhase section */
		8B2F3FCD2B5B9DED00205E28 /* Resources */ = {
			isa = PBXResourcesBuildPhase;
			buildActionMask = 2147483647;
			files = (
				8B2F3FDF2B5B9DED00205E28 /* LaunchScreen.storyboard in Resources */,
				8B9076952B5D21DE00AF01A8 /* SearchResultCollectionViewCell.xib in Resources */,
				8B2F3FDC2B5B9DED00205E28 /* Assets.xcassets in Resources */,
				8B2F40302B5C154900205E28 /* SettingTableViewCell.xib in Resources */,
				8B2F40092B5BEF4D00205E28 /* ProfileCollectionViewCell.xib in Resources */,
				8B9076902B5CD5D500AF01A8 /* Setting.storyboard in Resources */,
				8B2F3FF12B5BBBCE00205E28 /* Profile.storyboard in Resources */,
				8B9076992B5D3EE000AF01A8 /* .gitignore in Resources */,
				8B2F40102B5C016D00205E28 /* RecentSearchTableViewCell.xib in Resources */,
				8B2F40242B5C0DF600205E28 /* Main.storyboard in Resources */,
				8B2F40222B5C0D9000205E28 /* Search.storyboard in Resources */,
				8B2F40282B5C120A00205E28 /* SettingProfileTableViewCell.xib in Resources */,
				8B2F3FE82B5BA04600205E28 /* Onboarding.storyboard in Resources */,
			);
			runOnlyForDeploymentPostprocessing = 0;
		};
/* End PBXResourcesBuildPhase section */

/* Begin PBXSourcesBuildPhase section */
		8B2F3FCB2B5B9DED00205E28 /* Sources */ = {
			isa = PBXSourcesBuildPhase;
			buildActionMask = 2147483647;
			files = (
				8B2F3FFC2B5BE45C00205E28 /* UIImageView+Extension.swift in Sources */,
				8B2F40272B5C120A00205E28 /* SettingProfileTableViewCell.swift in Sources */,
				8B2F3FEE2B5BAC4300205E28 /* Enumeration.swift in Sources */,
				8B9076942B5D21DE00AF01A8 /* SearchResultCollectionViewCell.swift in Sources */,
				8B2F40202B5C0CB400205E28 /* SettingViewController.swift in Sources */,
				8B9076A42B5D742A00AF01A8 /* WebViewController.swift in Sources */,
				8B2F40082B5BEF4D00205E28 /* ProfileCollectionViewCell.swift in Sources */,
				8B2F3FD32B5B9DED00205E28 /* AppDelegate.swift in Sources */,
				8B2F400F2B5C016D00205E28 /* RecentSearchTableViewCell.swift in Sources */,
				8B2F3FFA2B5BDE9F00205E28 /* SettingProfileImageViewController.swift in Sources */,
				8B2F40192B5C080E00205E28 /* SearchResultViewController.swift in Sources */,
				8B2F3FD52B5B9DED00205E28 /* SceneDelegate.swift in Sources */,
				8B2F40172B5C05CA00205E28 /* SearchViewController.swift in Sources */,
				8B2F402F2B5C154900205E28 /* SettingTableViewCell.swift in Sources */,
				8B90769F2B5D51D800AF01A8 /* Search.swift in Sources */,
				8B2F3FF62B5BC9E800205E28 /* UIViewController+Extension.swift in Sources */,
				8B90768D2B5CADEA00AF01A8 /* UserDefaultManager.swift in Sources */,
				8B2F402B2B5C137600205E28 /* UITableViewCell+Extension.swift in Sources */,
				8B2F400B2B5BF3EF00205E28 /* UICollectionViewCell+Extension.swift in Sources */,
				8B9076AD2B5E85EE00AF01A8 /* SearchAPIManager.swift in Sources */,
				8B2F3FF82B5BDB4C00205E28 /* UIButton+Extension.swift in Sources */,
				8B2F3FF32B5BBBEA00205E28 /* SettingProfileViewController.swift in Sources */,
				8B2F3FEA2B5BA99F00205E28 /* OnboardingViewController.swift in Sources */,
			);
			runOnlyForDeploymentPostprocessing = 0;
		};
/* End PBXSourcesBuildPhase section */

/* Begin PBXVariantGroup section */
		8B2F3FDD2B5B9DED00205E28 /* LaunchScreen.storyboard */ = {
			isa = PBXVariantGroup;
			children = (
				8B2F3FDE2B5B9DED00205E28 /* Base */,
			);
			name = LaunchScreen.storyboard;
			sourceTree = "<group>";
		};
/* End PBXVariantGroup section */

/* Begin XCBuildConfiguration section */
		8B2F3FE12B5B9DED00205E28 /* Debug */ = {
			isa = XCBuildConfiguration;
			buildSettings = {
				ALWAYS_SEARCH_USER_PATHS = NO;
				ASSETCATALOG_COMPILER_GENERATE_SWIFT_ASSET_SYMBOL_EXTENSIONS = YES;
				CLANG_ANALYZER_NONNULL = YES;
				CLANG_ANALYZER_NUMBER_OBJECT_CONVERSION = YES_AGGRESSIVE;
				CLANG_CXX_LANGUAGE_STANDARD = "gnu++20";
				CLANG_ENABLE_MODULES = YES;
				CLANG_ENABLE_OBJC_ARC = YES;
				CLANG_ENABLE_OBJC_WEAK = YES;
				CLANG_WARN_BLOCK_CAPTURE_AUTORELEASING = YES;
				CLANG_WARN_BOOL_CONVERSION = YES;
				CLANG_WARN_COMMA = YES;
				CLANG_WARN_CONSTANT_CONVERSION = YES;
				CLANG_WARN_DEPRECATED_OBJC_IMPLEMENTATIONS = YES;
				CLANG_WARN_DIRECT_OBJC_ISA_USAGE = YES_ERROR;
				CLANG_WARN_DOCUMENTATION_COMMENTS = YES;
				CLANG_WARN_EMPTY_BODY = YES;
				CLANG_WARN_ENUM_CONVERSION = YES;
				CLANG_WARN_INFINITE_RECURSION = YES;
				CLANG_WARN_INT_CONVERSION = YES;
				CLANG_WARN_NON_LITERAL_NULL_CONVERSION = YES;
				CLANG_WARN_OBJC_IMPLICIT_RETAIN_SELF = YES;
				CLANG_WARN_OBJC_LITERAL_CONVERSION = YES;
				CLANG_WARN_OBJC_ROOT_CLASS = YES_ERROR;
				CLANG_WARN_QUOTED_INCLUDE_IN_FRAMEWORK_HEADER = YES;
				CLANG_WARN_RANGE_LOOP_ANALYSIS = YES;
				CLANG_WARN_STRICT_PROTOTYPES = YES;
				CLANG_WARN_SUSPICIOUS_MOVE = YES;
				CLANG_WARN_UNGUARDED_AVAILABILITY = YES_AGGRESSIVE;
				CLANG_WARN_UNREACHABLE_CODE = YES;
				CLANG_WARN__DUPLICATE_METHOD_MATCH = YES;
				COPY_PHASE_STRIP = NO;
				DEBUG_INFORMATION_FORMAT = dwarf;
				ENABLE_STRICT_OBJC_MSGSEND = YES;
				ENABLE_TESTABILITY = YES;
				ENABLE_USER_SCRIPT_SANDBOXING = YES;
				GCC_C_LANGUAGE_STANDARD = gnu17;
				GCC_DYNAMIC_NO_PIC = NO;
				GCC_NO_COMMON_BLOCKS = YES;
				GCC_OPTIMIZATION_LEVEL = 0;
				GCC_PREPROCESSOR_DEFINITIONS = (
					"DEBUG=1",
					"$(inherited)",
				);
				GCC_WARN_64_TO_32_BIT_CONVERSION = YES;
				GCC_WARN_ABOUT_RETURN_TYPE = YES_ERROR;
				GCC_WARN_UNDECLARED_SELECTOR = YES;
				GCC_WARN_UNINITIALIZED_AUTOS = YES_AGGRESSIVE;
				GCC_WARN_UNUSED_FUNCTION = YES;
				GCC_WARN_UNUSED_VARIABLE = YES;
				IPHONEOS_DEPLOYMENT_TARGET = 17.0;
				LOCALIZATION_PREFERS_STRING_CATALOGS = YES;
				MTL_ENABLE_DEBUG_INFO = INCLUDE_SOURCE;
				MTL_FAST_MATH = YES;
				ONLY_ACTIVE_ARCH = YES;
				SDKROOT = iphoneos;
				SWIFT_ACTIVE_COMPILATION_CONDITIONS = "DEBUG $(inherited)";
				SWIFT_OPTIMIZATION_LEVEL = "-Onone";
			};
			name = Debug;
		};
		8B2F3FE22B5B9DED00205E28 /* Release */ = {
			isa = XCBuildConfiguration;
			buildSettings = {
				ALWAYS_SEARCH_USER_PATHS = NO;
				ASSETCATALOG_COMPILER_GENERATE_SWIFT_ASSET_SYMBOL_EXTENSIONS = YES;
				CLANG_ANALYZER_NONNULL = YES;
				CLANG_ANALYZER_NUMBER_OBJECT_CONVERSION = YES_AGGRESSIVE;
				CLANG_CXX_LANGUAGE_STANDARD = "gnu++20";
				CLANG_ENABLE_MODULES = YES;
				CLANG_ENABLE_OBJC_ARC = YES;
				CLANG_ENABLE_OBJC_WEAK = YES;
				CLANG_WARN_BLOCK_CAPTURE_AUTORELEASING = YES;
				CLANG_WARN_BOOL_CONVERSION = YES;
				CLANG_WARN_COMMA = YES;
				CLANG_WARN_CONSTANT_CONVERSION = YES;
				CLANG_WARN_DEPRECATED_OBJC_IMPLEMENTATIONS = YES;
				CLANG_WARN_DIRECT_OBJC_ISA_USAGE = YES_ERROR;
				CLANG_WARN_DOCUMENTATION_COMMENTS = YES;
				CLANG_WARN_EMPTY_BODY = YES;
				CLANG_WARN_ENUM_CONVERSION = YES;
				CLANG_WARN_INFINITE_RECURSION = YES;
				CLANG_WARN_INT_CONVERSION = YES;
				CLANG_WARN_NON_LITERAL_NULL_CONVERSION = YES;
				CLANG_WARN_OBJC_IMPLICIT_RETAIN_SELF = YES;
				CLANG_WARN_OBJC_LITERAL_CONVERSION = YES;
				CLANG_WARN_OBJC_ROOT_CLASS = YES_ERROR;
				CLANG_WARN_QUOTED_INCLUDE_IN_FRAMEWORK_HEADER = YES;
				CLANG_WARN_RANGE_LOOP_ANALYSIS = YES;
				CLANG_WARN_STRICT_PROTOTYPES = YES;
				CLANG_WARN_SUSPICIOUS_MOVE = YES;
				CLANG_WARN_UNGUARDED_AVAILABILITY = YES_AGGRESSIVE;
				CLANG_WARN_UNREACHABLE_CODE = YES;
				CLANG_WARN__DUPLICATE_METHOD_MATCH = YES;
				COPY_PHASE_STRIP = NO;
				DEBUG_INFORMATION_FORMAT = "dwarf-with-dsym";
				ENABLE_NS_ASSERTIONS = NO;
				ENABLE_STRICT_OBJC_MSGSEND = YES;
				ENABLE_USER_SCRIPT_SANDBOXING = YES;
				GCC_C_LANGUAGE_STANDARD = gnu17;
				GCC_NO_COMMON_BLOCKS = YES;
				GCC_WARN_64_TO_32_BIT_CONVERSION = YES;
				GCC_WARN_ABOUT_RETURN_TYPE = YES_ERROR;
				GCC_WARN_UNDECLARED_SELECTOR = YES;
				GCC_WARN_UNINITIALIZED_AUTOS = YES_AGGRESSIVE;
				GCC_WARN_UNUSED_FUNCTION = YES;
				GCC_WARN_UNUSED_VARIABLE = YES;
				IPHONEOS_DEPLOYMENT_TARGET = 17.0;
				LOCALIZATION_PREFERS_STRING_CATALOGS = YES;
				MTL_ENABLE_DEBUG_INFO = NO;
				MTL_FAST_MATH = YES;
				SDKROOT = iphoneos;
				SWIFT_COMPILATION_MODE = wholemodule;
				VALIDATE_PRODUCT = YES;
			};
			name = Release;
		};
		8B2F3FE42B5B9DED00205E28 /* Debug */ = {
			isa = XCBuildConfiguration;
			buildSettings = {
				ASSETCATALOG_COMPILER_APPICON_NAME = AppIcon;
				ASSETCATALOG_COMPILER_GLOBAL_ACCENT_COLOR_NAME = AccentColor;
				CODE_SIGN_STYLE = Automatic;
				CURRENT_PROJECT_VERSION = 1;
				GENERATE_INFOPLIST_FILE = YES;
				INFOPLIST_FILE = "SeSAC Shopping/Info.plist";
				INFOPLIST_KEY_CFBundleDisplayName = "남현정";
				INFOPLIST_KEY_UIApplicationSupportsIndirectInputEvents = YES;
				INFOPLIST_KEY_UILaunchStoryboardName = LaunchScreen;
				INFOPLIST_KEY_UIMainStoryboardFile = Main;
				INFOPLIST_KEY_UISupportedInterfaceOrientations = UIInterfaceOrientationPortrait;
				INFOPLIST_KEY_UISupportedInterfaceOrientations_iPad = "UIInterfaceOrientationLandscapeLeft UIInterfaceOrientationLandscapeRight UIInterfaceOrientationPortrait UIInterfaceOrientationPortraitUpsideDown";
				IPHONEOS_DEPLOYMENT_TARGET = 15.0;
				LD_RUNPATH_SEARCH_PATHS = (
					"$(inherited)",
					"@executable_path/Frameworks",
				);
				MARKETING_VERSION = 1.0;
				PRODUCT_BUNDLE_IDENTIFIER = "com.ohddang.SeSAC-Shopping";
				PRODUCT_NAME = "$(TARGET_NAME)";
				SUPPORTED_PLATFORMS = "iphoneos iphonesimulator";
				SUPPORTS_MACCATALYST = NO;
				SUPPORTS_MAC_DESIGNED_FOR_IPHONE_IPAD = NO;
				SWIFT_EMIT_LOC_STRINGS = YES;
				SWIFT_VERSION = 5.0;
				TARGETED_DEVICE_FAMILY = 1;
			};
			name = Debug;
		};
		8B2F3FE52B5B9DED00205E28 /* Release */ = {
			isa = XCBuildConfiguration;
			buildSettings = {
				ASSETCATALOG_COMPILER_APPICON_NAME = AppIcon;
				ASSETCATALOG_COMPILER_GLOBAL_ACCENT_COLOR_NAME = AccentColor;
				CODE_SIGN_STYLE = Automatic;
				CURRENT_PROJECT_VERSION = 1;
				GENERATE_INFOPLIST_FILE = YES;
				INFOPLIST_FILE = "SeSAC Shopping/Info.plist";
				INFOPLIST_KEY_CFBundleDisplayName = "남현정";
				INFOPLIST_KEY_UIApplicationSupportsIndirectInputEvents = YES;
				INFOPLIST_KEY_UILaunchStoryboardName = LaunchScreen;
				INFOPLIST_KEY_UIMainStoryboardFile = Main;
				INFOPLIST_KEY_UISupportedInterfaceOrientations = UIInterfaceOrientationPortrait;
				INFOPLIST_KEY_UISupportedInterfaceOrientations_iPad = "UIInterfaceOrientationLandscapeLeft UIInterfaceOrientationLandscapeRight UIInterfaceOrientationPortrait UIInterfaceOrientationPortraitUpsideDown";
				IPHONEOS_DEPLOYMENT_TARGET = 15.0;
				LD_RUNPATH_SEARCH_PATHS = (
					"$(inherited)",
					"@executable_path/Frameworks",
				);
				MARKETING_VERSION = 1.0;
				PRODUCT_BUNDLE_IDENTIFIER = "com.ohddang.SeSAC-Shopping";
				PRODUCT_NAME = "$(TARGET_NAME)";
				SUPPORTED_PLATFORMS = "iphoneos iphonesimulator";
				SUPPORTS_MACCATALYST = NO;
				SUPPORTS_MAC_DESIGNED_FOR_IPHONE_IPAD = NO;
				SWIFT_EMIT_LOC_STRINGS = YES;
				SWIFT_VERSION = 5.0;
				TARGETED_DEVICE_FAMILY = 1;
			};
			name = Release;
		};
/* End XCBuildConfiguration section */

/* Begin XCConfigurationList section */
		8B2F3FCA2B5B9DED00205E28 /* Build configuration list for PBXProject "SeSAC Shopping" */ = {
			isa = XCConfigurationList;
			buildConfigurations = (
				8B2F3FE12B5B9DED00205E28 /* Debug */,
				8B2F3FE22B5B9DED00205E28 /* Release */,
			);
			defaultConfigurationIsVisible = 0;
			defaultConfigurationName = Release;
		};
		8B2F3FE32B5B9DED00205E28 /* Build configuration list for PBXNativeTarget "SeSAC Shopping" */ = {
			isa = XCConfigurationList;
			buildConfigurations = (
				8B2F3FE42B5B9DED00205E28 /* Debug */,
				8B2F3FE52B5B9DED00205E28 /* Release */,
			);
			defaultConfigurationIsVisible = 0;
			defaultConfigurationName = Release;
		};
/* End XCConfigurationList section */

/* Begin XCRemoteSwiftPackageReference section */
		8B2F3FFD2B5BE75E00205E28 /* XCRemoteSwiftPackageReference "TextFieldEffects" */ = {
			isa = XCRemoteSwiftPackageReference;
			repositoryURL = "https://github.com/raulriera/TextFieldEffects.git";
			requirement = {
				kind = upToNextMajorVersion;
				minimumVersion = 1.7.0;
			};
		};
		8B2F40002B5BE76D00205E28 /* XCRemoteSwiftPackageReference "Alamofire" */ = {
			isa = XCRemoteSwiftPackageReference;
			repositoryURL = "https://github.com/Alamofire/Alamofire";
			requirement = {
				kind = upToNextMajorVersion;
				minimumVersion = 5.8.1;
			};
		};
		8B9076A02B5D603500AF01A8 /* XCRemoteSwiftPackageReference "Kingfisher" */ = {
			isa = XCRemoteSwiftPackageReference;
			repositoryURL = "https://github.com/onevcat/Kingfisher";
			requirement = {
				kind = upToNextMajorVersion;
				minimumVersion = 7.10.2;
			};
		};
/* End XCRemoteSwiftPackageReference section */

/* Begin XCSwiftPackageProductDependency section */
		8B2F3FFE2B5BE75E00205E28 /* TextFieldEffects */ = {
			isa = XCSwiftPackageProductDependency;
			package = 8B2F3FFD2B5BE75E00205E28 /* XCRemoteSwiftPackageReference "TextFieldEffects" */;
			productName = TextFieldEffects;
		};
		8B2F40012B5BE76D00205E28 /* Alamofire */ = {
			isa = XCSwiftPackageProductDependency;
			package = 8B2F40002B5BE76D00205E28 /* XCRemoteSwiftPackageReference "Alamofire" */;
			productName = Alamofire;
		};
		8B9076A12B5D603500AF01A8 /* Kingfisher */ = {
			isa = XCSwiftPackageProductDependency;
			package = 8B9076A02B5D603500AF01A8 /* XCRemoteSwiftPackageReference "Kingfisher" */;
			productName = Kingfisher;
		};
/* End XCSwiftPackageProductDependency section */
	};
	rootObject = 8B2F3FC72B5B9DED00205E28 /* Project object */;
}
